// !$*UTF8*$!
{
	archiveVersion = 1;
	classes = {
	};
	objectVersion = 52;
	objects = {

/* Begin PBXBuildFile section */
		AB56B95B269BF5AF002BE019 /* AppDelegate.swift in Sources */ = {isa = PBXBuildFile; fileRef = AB56B95A269BF5AF002BE019 /* AppDelegate.swift */; };
		AB56B95D269BF5AF002BE019 /* SceneDelegate.swift in Sources */ = {isa = PBXBuildFile; fileRef = AB56B95C269BF5AF002BE019 /* SceneDelegate.swift */; };
		AB56B95F269BF5AF002BE019 /* ContentView.swift in Sources */ = {isa = PBXBuildFile; fileRef = AB56B95E269BF5AF002BE019 /* ContentView.swift */; };
		AB56B961269BF5B1002BE019 /* Assets.xcassets in Resources */ = {isa = PBXBuildFile; fileRef = AB56B960269BF5B1002BE019 /* Assets.xcassets */; };
		AB56B964269BF5B1002BE019 /* Preview Assets.xcassets in Resources */ = {isa = PBXBuildFile; fileRef = AB56B963269BF5B1002BE019 /* Preview Assets.xcassets */; };
		AB56B967269BF5B1002BE019 /* LaunchScreen.storyboard in Resources */ = {isa = PBXBuildFile; fileRef = AB56B965269BF5B1002BE019 /* LaunchScreen.storyboard */; };
		AB56B970269BF5D8002BE019 /* SocketIO in Frameworks */ = {isa = PBXBuildFile; productRef = AB56B96F269BF5D8002BE019 /* SocketIO */; };
		AB56B978269BF5EB002BE019 /* Message.swift in Sources */ = {isa = PBXBuildFile; fileRef = AB56B972269BF5EB002BE019 /* Message.swift */; };
		AB56B979269BF5EB002BE019 /* User.swift in Sources */ = {isa = PBXBuildFile; fileRef = AB56B973269BF5EB002BE019 /* User.swift */; };
		AB56B97A269BF5EB002BE019 /* SocketHelper.swift in Sources */ = {isa = PBXBuildFile; fileRef = AB56B975269BF5EB002BE019 /* SocketHelper.swift */; };
		AB56B97B269BF5EB002BE019 /* UIApplication+Extension.swift in Sources */ = {isa = PBXBuildFile; fileRef = AB56B977269BF5EB002BE019 /* UIApplication+Extension.swift */; };
		ABC9D26426A010BC00BE87E4 /* MuralView.swift in Sources */ = {isa = PBXBuildFile; fileRef = ABC9D26326A010BC00BE87E4 /* MuralView.swift */; };
		ABC9D26626A012CC00BE87E4 /* Landscape+Extensions.swift in Sources */ = {isa = PBXBuildFile; fileRef = ABC9D26526A012CC00BE87E4 /* Landscape+Extensions.swift */; };
		ABC9D26926A0137900BE87E4 /* MuraViewModel.swift in Sources */ = {isa = PBXBuildFile; fileRef = ABC9D26826A0137900BE87E4 /* MuraViewModel.swift */; };
/* End PBXBuildFile section */

/* Begin PBXFileReference section */
		AB56B957269BF5AF002BE019 /* Socket-App.app */ = {isa = PBXFileReference; explicitFileType = wrapper.application; includeInIndex = 0; path = "Socket-App.app"; sourceTree = BUILT_PRODUCTS_DIR; };
		AB56B95A269BF5AF002BE019 /* AppDelegate.swift */ = {isa = PBXFileReference; lastKnownFileType = sourcecode.swift; path = AppDelegate.swift; sourceTree = "<group>"; };
		AB56B95C269BF5AF002BE019 /* SceneDelegate.swift */ = {isa = PBXFileReference; lastKnownFileType = sourcecode.swift; path = SceneDelegate.swift; sourceTree = "<group>"; };
		AB56B95E269BF5AF002BE019 /* ContentView.swift */ = {isa = PBXFileReference; lastKnownFileType = sourcecode.swift; path = ContentView.swift; sourceTree = "<group>"; };
		AB56B960269BF5B1002BE019 /* Assets.xcassets */ = {isa = PBXFileReference; lastKnownFileType = folder.assetcatalog; path = Assets.xcassets; sourceTree = "<group>"; };
		AB56B963269BF5B1002BE019 /* Preview Assets.xcassets */ = {isa = PBXFileReference; lastKnownFileType = folder.assetcatalog; path = "Preview Assets.xcassets"; sourceTree = "<group>"; };
		AB56B966269BF5B1002BE019 /* Base */ = {isa = PBXFileReference; lastKnownFileType = file.storyboard; name = Base; path = Base.lproj/LaunchScreen.storyboard; sourceTree = "<group>"; };
		AB56B968269BF5B1002BE019 /* Info.plist */ = {isa = PBXFileReference; lastKnownFileType = text.plist.xml; path = Info.plist; sourceTree = "<group>"; };
		AB56B972269BF5EB002BE019 /* Message.swift */ = {isa = PBXFileReference; fileEncoding = 4; lastKnownFileType = sourcecode.swift; path = Message.swift; sourceTree = "<group>"; };
		AB56B973269BF5EB002BE019 /* User.swift */ = {isa = PBXFileReference; fileEncoding = 4; lastKnownFileType = sourcecode.swift; path = User.swift; sourceTree = "<group>"; };
		AB56B975269BF5EB002BE019 /* SocketHelper.swift */ = {isa = PBXFileReference; fileEncoding = 4; lastKnownFileType = sourcecode.swift; path = SocketHelper.swift; sourceTree = "<group>"; };
		AB56B977269BF5EB002BE019 /* UIApplication+Extension.swift */ = {isa = PBXFileReference; fileEncoding = 4; lastKnownFileType = sourcecode.swift; path = "UIApplication+Extension.swift"; sourceTree = "<group>"; };
		ABC9D26326A010BC00BE87E4 /* MuralView.swift */ = {isa = PBXFileReference; lastKnownFileType = sourcecode.swift; path = MuralView.swift; sourceTree = "<group>"; };
		ABC9D26526A012CC00BE87E4 /* Landscape+Extensions.swift */ = {isa = PBXFileReference; lastKnownFileType = sourcecode.swift; path = "Landscape+Extensions.swift"; sourceTree = "<group>"; };
		ABC9D26826A0137900BE87E4 /* MuraViewModel.swift */ = {isa = PBXFileReference; lastKnownFileType = sourcecode.swift; path = MuraViewModel.swift; sourceTree = "<group>"; };
/* End PBXFileReference section */

/* Begin PBXFrameworksBuildPhase section */
		AB56B954269BF5AF002BE019 /* Frameworks */ = {
			isa = PBXFrameworksBuildPhase;
			buildActionMask = 2147483647;
			files = (
				AB56B970269BF5D8002BE019 /* SocketIO in Frameworks */,
			);
			runOnlyForDeploymentPostprocessing = 0;
		};
/* End PBXFrameworksBuildPhase section */

/* Begin PBXGroup section */
		AB56B94E269BF5AF002BE019 = {
			isa = PBXGroup;
			children = (
				AB56B959269BF5AF002BE019 /* Socket-App */,
				AB56B958269BF5AF002BE019 /* Products */,
			);
			sourceTree = "<group>";
		};
		AB56B958269BF5AF002BE019 /* Products */ = {
			isa = PBXGroup;
			children = (
				AB56B957269BF5AF002BE019 /* Socket-App.app */,
			);
			name = Products;
			sourceTree = "<group>";
		};
		AB56B959269BF5AF002BE019 /* Socket-App */ = {
			isa = PBXGroup;
			children = (
				ABF6F2A3269FE0C9005856C8 /* Support */,
				ABF6F2A2269FE0BC005856C8 /* Views */,
				AB56B976269BF5EB002BE019 /* Helpers */,
				AB56B971269BF5EB002BE019 /* Models */,
				AB56B974269BF5EB002BE019 /* Networking */,
				AB56B960269BF5B1002BE019 /* Assets.xcassets */,
				AB56B968269BF5B1002BE019 /* Info.plist */,
				AB56B962269BF5B1002BE019 /* Preview Content */,
			);
			path = "Socket-App";
			sourceTree = "<group>";
		};
		AB56B962269BF5B1002BE019 /* Preview Content */ = {
			isa = PBXGroup;
			children = (
				AB56B963269BF5B1002BE019 /* Preview Assets.xcassets */,
			);
			path = "Preview Content";
			sourceTree = "<group>";
		};
		AB56B971269BF5EB002BE019 /* Models */ = {
			isa = PBXGroup;
			children = (
				AB56B972269BF5EB002BE019 /* Message.swift */,
				AB56B973269BF5EB002BE019 /* User.swift */,
			);
			path = Models;
			sourceTree = "<group>";
		};
		AB56B974269BF5EB002BE019 /* Networking */ = {
			isa = PBXGroup;
			children = (
				AB56B975269BF5EB002BE019 /* SocketHelper.swift */,
			);
			path = Networking;
			sourceTree = "<group>";
		};
		AB56B976269BF5EB002BE019 /* Helpers */ = {
			isa = PBXGroup;
			children = (
				AB56B977269BF5EB002BE019 /* UIApplication+Extension.swift */,
				ABC9D26526A012CC00BE87E4 /* Landscape+Extensions.swift */,
			);
			path = Helpers;
			sourceTree = "<group>";
		};
		ABC9D26726A0136800BE87E4 /* MuralView */ = {
			isa = PBXGroup;
			children = (
				ABC9D26326A010BC00BE87E4 /* MuralView.swift */,
				ABC9D26826A0137900BE87E4 /* MuraViewModel.swift */,
			);
			path = MuralView;
			sourceTree = "<group>";
		};
		ABF6F2A2269FE0BC005856C8 /* Views */ = {
			isa = PBXGroup;
			children = (
				AB56B95E269BF5AF002BE019 /* ContentView.swift */,
				ABC9D26726A0136800BE87E4 /* MuralView */,
			);
			path = Views;
			sourceTree = "<group>";
		};
		ABF6F2A3269FE0C9005856C8 /* Support */ = {
			isa = PBXGroup;
			children = (
				AB56B95C269BF5AF002BE019 /* SceneDelegate.swift */,
				AB56B965269BF5B1002BE019 /* LaunchScreen.storyboard */,
				AB56B95A269BF5AF002BE019 /* AppDelegate.swift */,
			);
			path = Support;
			sourceTree = "<group>";
		};
/* End PBXGroup section */

/* Begin PBXNativeTarget section */
		AB56B956269BF5AF002BE019 /* Socket-App */ = {
			isa = PBXNativeTarget;
			buildConfigurationList = AB56B96B269BF5B1002BE019 /* Build configuration list for PBXNativeTarget "Socket-App" */;
			buildPhases = (
				AB56B953269BF5AF002BE019 /* Sources */,
				AB56B954269BF5AF002BE019 /* Frameworks */,
				AB56B955269BF5AF002BE019 /* Resources */,
			);
			buildRules = (
			);
			dependencies = (
			);
			name = "Socket-App";
			packageProductDependencies = (
				AB56B96F269BF5D8002BE019 /* SocketIO */,
			);
			productName = "Socket-App";
			productReference = AB56B957269BF5AF002BE019 /* Socket-App.app */;
			productType = "com.apple.product-type.application";
		};
/* End PBXNativeTarget section */

/* Begin PBXProject section */
		AB56B94F269BF5AF002BE019 /* Project object */ = {
			isa = PBXProject;
			attributes = {
				LastSwiftUpdateCheck = 1250;
				LastUpgradeCheck = 1250;
				TargetAttributes = {
					AB56B956269BF5AF002BE019 = {
						CreatedOnToolsVersion = 12.5;
					};
				};
			};
			buildConfigurationList = AB56B952269BF5AF002BE019 /* Build configuration list for PBXProject "Socket-App" */;
			compatibilityVersion = "Xcode 9.3";
			developmentRegion = en;
			hasScannedForEncodings = 0;
			knownRegions = (
				en,
				Base,
			);
			mainGroup = AB56B94E269BF5AF002BE019;
			packageReferences = (
				AB56B96E269BF5D8002BE019 /* XCRemoteSwiftPackageReference "socket" */,
			);
			productRefGroup = AB56B958269BF5AF002BE019 /* Products */;
			projectDirPath = "";
			projectRoot = "";
			targets = (
				AB56B956269BF5AF002BE019 /* Socket-App */,
			);
		};
/* End PBXProject section */

/* Begin PBXResourcesBuildPhase section */
		AB56B955269BF5AF002BE019 /* Resources */ = {
			isa = PBXResourcesBuildPhase;
			buildActionMask = 2147483647;
			files = (
				AB56B967269BF5B1002BE019 /* LaunchScreen.storyboard in Resources */,
				AB56B964269BF5B1002BE019 /* Preview Assets.xcassets in Resources */,
				AB56B961269BF5B1002BE019 /* Assets.xcassets in Resources */,
			);
			runOnlyForDeploymentPostprocessing = 0;
		};
/* End PBXResourcesBuildPhase section */

/* Begin PBXSourcesBuildPhase section */
		AB56B953269BF5AF002BE019 /* Sources */ = {
			isa = PBXSourcesBuildPhase;
			buildActionMask = 2147483647;
			files = (
				AB56B97A269BF5EB002BE019 /* SocketHelper.swift in Sources */,
				AB56B95B269BF5AF002BE019 /* AppDelegate.swift in Sources */,
				AB56B978269BF5EB002BE019 /* Message.swift in Sources */,
				ABC9D26926A0137900BE87E4 /* MuraViewModel.swift in Sources */,
				AB56B95D269BF5AF002BE019 /* SceneDelegate.swift in Sources */,
				ABC9D26626A012CC00BE87E4 /* Landscape+Extensions.swift in Sources */,
				AB56B979269BF5EB002BE019 /* User.swift in Sources */,
				AB56B95F269BF5AF002BE019 /* ContentView.swift in Sources */,
				ABC9D26426A010BC00BE87E4 /* MuralView.swift in Sources */,
				AB56B97B269BF5EB002BE019 /* UIApplication+Extension.swift in Sources */,
			);
			runOnlyForDeploymentPostprocessing = 0;
		};
/* End PBXSourcesBuildPhase section */

/* Begin PBXVariantGroup section */
		AB56B965269BF5B1002BE019 /* LaunchScreen.storyboard */ = {
			isa = PBXVariantGroup;
			children = (
				AB56B966269BF5B1002BE019 /* Base */,
			);
			name = LaunchScreen.storyboard;
			sourceTree = "<group>";
		};
/* End PBXVariantGroup section */

/* Begin XCBuildConfiguration section */
		AB56B969269BF5B1002BE019 /* Debug */ = {
			isa = XCBuildConfiguration;
			buildSettings = {
				ALWAYS_SEARCH_USER_PATHS = NO;
				CLANG_ANALYZER_NONNULL = YES;
				CLANG_ANALYZER_NUMBER_OBJECT_CONVERSION = YES_AGGRESSIVE;
				CLANG_CXX_LANGUAGE_STANDARD = "gnu++14";
				CLANG_CXX_LIBRARY = "libc++";
				CLANG_ENABLE_MODULES = YES;
				CLANG_ENABLE_OBJC_ARC = YES;
				CLANG_ENABLE_OBJC_WEAK = YES;
				CLANG_WARN_BLOCK_CAPTURE_AUTORELEASING = YES;
				CLANG_WARN_BOOL_CONVERSION = YES;
				CLANG_WARN_COMMA = YES;
				CLANG_WARN_CONSTANT_CONVERSION = YES;
				CLANG_WARN_DEPRECATED_OBJC_IMPLEMENTATIONS = YES;
				CLANG_WARN_DIRECT_OBJC_ISA_USAGE = YES_ERROR;
				CLANG_WARN_DOCUMENTATION_COMMENTS = YES;
				CLANG_WARN_EMPTY_BODY = YES;
				CLANG_WARN_ENUM_CONVERSION = YES;
				CLANG_WARN_INFINITE_RECURSION = YES;
				CLANG_WARN_INT_CONVERSION = YES;
				CLANG_WARN_NON_LITERAL_NULL_CONVERSION = YES;
				CLANG_WARN_OBJC_IMPLICIT_RETAIN_SELF = YES;
				CLANG_WARN_OBJC_LITERAL_CONVERSION = YES;
				CLANG_WARN_OBJC_ROOT_CLASS = YES_ERROR;
				CLANG_WARN_QUOTED_INCLUDE_IN_FRAMEWORK_HEADER = YES;
				CLANG_WARN_RANGE_LOOP_ANALYSIS = YES;
				CLANG_WARN_STRICT_PROTOTYPES = YES;
				CLANG_WARN_SUSPICIOUS_MOVE = YES;
				CLANG_WARN_UNGUARDED_AVAILABILITY = YES_AGGRESSIVE;
				CLANG_WARN_UNREACHABLE_CODE = YES;
				CLANG_WARN__DUPLICATE_METHOD_MATCH = YES;
				COPY_PHASE_STRIP = NO;
				DEBUG_INFORMATION_FORMAT = dwarf;
				ENABLE_STRICT_OBJC_MSGSEND = YES;
				ENABLE_TESTABILITY = YES;
				GCC_C_LANGUAGE_STANDARD = gnu11;
				GCC_DYNAMIC_NO_PIC = NO;
				GCC_NO_COMMON_BLOCKS = YES;
				GCC_OPTIMIZATION_LEVEL = 0;
				GCC_PREPROCESSOR_DEFINITIONS = (
					"DEBUG=1",
					"$(inherited)",
				);
				GCC_WARN_64_TO_32_BIT_CONVERSION = YES;
				GCC_WARN_ABOUT_RETURN_TYPE = YES_ERROR;
				GCC_WARN_UNDECLARED_SELECTOR = YES;
				GCC_WARN_UNINITIALIZED_AUTOS = YES_AGGRESSIVE;
				GCC_WARN_UNUSED_FUNCTION = YES;
				GCC_WARN_UNUSED_VARIABLE = YES;
				IPHONEOS_DEPLOYMENT_TARGET = 14.5;
				MTL_ENABLE_DEBUG_INFO = INCLUDE_SOURCE;
				MTL_FAST_MATH = YES;
				ONLY_ACTIVE_ARCH = YES;
				SDKROOT = iphoneos;
				SWIFT_ACTIVE_COMPILATION_CONDITIONS = DEBUG;
				SWIFT_OPTIMIZATION_LEVEL = "-Onone";
			};
			name = Debug;
		};
		AB56B96A269BF5B1002BE019 /* Release */ = {
			isa = XCBuildConfiguration;
			buildSettings = {
				ALWAYS_SEARCH_USER_PATHS = NO;
				CLANG_ANALYZER_NONNULL = YES;
				CLANG_ANALYZER_NUMBER_OBJECT_CONVERSION = YES_AGGRESSIVE;
				CLANG_CXX_LANGUAGE_STANDARD = "gnu++14";
				CLANG_CXX_LIBRARY = "libc++";
				CLANG_ENABLE_MODULES = YES;
				CLANG_ENABLE_OBJC_ARC = YES;
				CLANG_ENABLE_OBJC_WEAK = YES;
				CLANG_WARN_BLOCK_CAPTURE_AUTORELEASING = YES;
				CLANG_WARN_BOOL_CONVERSION = YES;
				CLANG_WARN_COMMA = YES;
				CLANG_WARN_CONSTANT_CONVERSION = YES;
				CLANG_WARN_DEPRECATED_OBJC_IMPLEMENTATIONS = YES;
				CLANG_WARN_DIRECT_OBJC_ISA_USAGE = YES_ERROR;
				CLANG_WARN_DOCUMENTATION_COMMENTS = YES;
				CLANG_WARN_EMPTY_BODY = YES;
				CLANG_WARN_ENUM_CONVERSION = YES;
				CLANG_WARN_INFINITE_RECURSION = YES;
				CLANG_WARN_INT_CONVERSION = YES;
				CLANG_WARN_NON_LITERAL_NULL_CONVERSION = YES;
				CLANG_WARN_OBJC_IMPLICIT_RETAIN_SELF = YES;
				CLANG_WARN_OBJC_LITERAL_CONVERSION = YES;
				CLANG_WARN_OBJC_ROOT_CLASS = YES_ERROR;
				CLANG_WARN_QUOTED_INCLUDE_IN_FRAMEWORK_HEADER = YES;
				CLANG_WARN_RANGE_LOOP_ANALYSIS = YES;
				CLANG_WARN_STRICT_PROTOTYPES = YES;
				CLANG_WARN_SUSPICIOUS_MOVE = YES;
				CLANG_WARN_UNGUARDED_AVAILABILITY = YES_AGGRESSIVE;
				CLANG_WARN_UNREACHABLE_CODE = YES;
				CLANG_WARN__DUPLICATE_METHOD_MATCH = YES;
				COPY_PHASE_STRIP = NO;
				DEBUG_INFORMATION_FORMAT = "dwarf-with-dsym";
				ENABLE_NS_ASSERTIONS = NO;
				ENABLE_STRICT_OBJC_MSGSEND = YES;
				GCC_C_LANGUAGE_STANDARD = gnu11;
				GCC_NO_COMMON_BLOCKS = YES;
				GCC_WARN_64_TO_32_BIT_CONVERSION = YES;
				GCC_WARN_ABOUT_RETURN_TYPE = YES_ERROR;
				GCC_WARN_UNDECLARED_SELECTOR = YES;
				GCC_WARN_UNINITIALIZED_AUTOS = YES_AGGRESSIVE;
				GCC_WARN_UNUSED_FUNCTION = YES;
				GCC_WARN_UNUSED_VARIABLE = YES;
				IPHONEOS_DEPLOYMENT_TARGET = 14.5;
				MTL_ENABLE_DEBUG_INFO = NO;
				MTL_FAST_MATH = YES;
				SDKROOT = iphoneos;
				SWIFT_COMPILATION_MODE = wholemodule;
				SWIFT_OPTIMIZATION_LEVEL = "-O";
				VALIDATE_PRODUCT = YES;
			};
			name = Release;
		};
		AB56B96C269BF5B1002BE019 /* Debug */ = {
			isa = XCBuildConfiguration;
			buildSettings = {
				ASSETCATALOG_COMPILER_APPICON_NAME = AppIcon;
				ASSETCATALOG_COMPILER_GLOBAL_ACCENT_COLOR_NAME = AccentColor;
				CODE_SIGN_STYLE = Automatic;
				DEVELOPMENT_ASSET_PATHS = "\"Socket-App/Preview Content\"";
				DEVELOPMENT_TEAM = LZ4KUFVTZH;
				ENABLE_PREVIEWS = YES;
				INFOPLIST_FILE = "Socket-App/Info.plist";
				LD_RUNPATH_SEARCH_PATHS = (
					"$(inherited)",
					"@executable_path/Frameworks",
				);
				PRODUCT_BUNDLE_IDENTIFIER = "com.marcus.Socket-App";
				PRODUCT_NAME = "$(TARGET_NAME)";
				SWIFT_VERSION = 5.0;
				TARGETED_DEVICE_FAMILY = "1,2";
			};
			name = Debug;
		};
		AB56B96D269BF5B1002BE019 /* Release */ = {
			isa = XCBuildConfiguration;
			buildSettings = {
				ASSETCATALOG_COMPILER_APPICON_NAME = AppIcon;
				ASSETCATALOG_COMPILER_GLOBAL_ACCENT_COLOR_NAME = AccentColor;
				CODE_SIGN_STYLE = Automatic;
				DEVELOPMENT_ASSET_PATHS = "\"Socket-App/Preview Content\"";
				DEVELOPMENT_TEAM = LZ4KUFVTZH;
				ENABLE_PREVIEWS = YES;
				INFOPLIST_FILE = "Socket-App/Info.plist";
				LD_RUNPATH_SEARCH_PATHS = (
					"$(inherited)",
					"@executable_path/Frameworks",
				);
				PRODUCT_BUNDLE_IDENTIFIER = "com.marcus.Socket-App";
				PRODUCT_NAME = "$(TARGET_NAME)";
				SWIFT_VERSION = 5.0;
				TARGETED_DEVICE_FAMILY = "1,2";
			};
			name = Release;
		};
/* End XCBuildConfiguration section */

/* Begin XCConfigurationList section */
		AB56B952269BF5AF002BE019 /* Build configuration list for PBXProject "Socket-App" */ = {
			isa = XCConfigurationList;
			buildConfigurations = (
				AB56B969269BF5B1002BE019 /* Debug */,
				AB56B96A269BF5B1002BE019 /* Release */,
			);
			defaultConfigurationIsVisible = 0;
			defaultConfigurationName = Release;
		};
		AB56B96B269BF5B1002BE019 /* Build configuration list for PBXNativeTarget "Socket-App" */ = {
			isa = XCConfigurationList;
			buildConfigurations = (
				AB56B96C269BF5B1002BE019 /* Debug */,
				AB56B96D269BF5B1002BE019 /* Release */,
			);
			defaultConfigurationIsVisible = 0;
			defaultConfigurationName = Release;
		};
/* End XCConfigurationList section */

/* Begin XCRemoteSwiftPackageReference section */
		AB56B96E269BF5D8002BE019 /* XCRemoteSwiftPackageReference "socket" */ = {
			isa = XCRemoteSwiftPackageReference;
			repositoryURL = "https://github.com/socketio/socket.io-client-swift";
			requirement = {
				kind = exactVersion;
				version = 15.2.0;
			};
		};
/* End XCRemoteSwiftPackageReference section */

/* Begin XCSwiftPackageProductDependency section */
		AB56B96F269BF5D8002BE019 /* SocketIO */ = {
			isa = XCSwiftPackageProductDependency;
			package = AB56B96E269BF5D8002BE019 /* XCRemoteSwiftPackageReference "socket" */;
			productName = SocketIO;
		};
/* End XCSwiftPackageProductDependency section */
	};
	rootObject = AB56B94F269BF5AF002BE019 /* Project object */;
}
